// !$*UTF8*$!
{
	archiveVersion = 1;
	classes = {
	};
	objectVersion = 46;
	objects = {

/* Begin PBXBuildFile section */
		D0393C0F1B134DC800682418 /* main.m in Sources */ = {isa = PBXBuildFile; fileRef = D0393C0E1B134DC800682418 /* main.m */; };
		D0393C121B134DC800682418 /* AppDelegate.m in Sources */ = {isa = PBXBuildFile; fileRef = D0393C111B134DC800682418 /* AppDelegate.m */; };
		D0393C151B134DC800682418 /* ViewController.m in Sources */ = {isa = PBXBuildFile; fileRef = D0393C141B134DC800682418 /* ViewController.m */; };
		D0393C181B134DC800682418 /* Main.storyboard in Resources */ = {isa = PBXBuildFile; fileRef = D0393C161B134DC800682418 /* Main.storyboard */; };
		D0393C1A1B134DC800682418 /* Images.xcassets in Resources */ = {isa = PBXBuildFile; fileRef = D0393C191B134DC800682418 /* Images.xcassets */; };
		D0393C1D1B134DC800682418 /* LaunchScreen.xib in Resources */ = {isa = PBXBuildFile; fileRef = D0393C1B1B134DC800682418 /* LaunchScreen.xib */; };
		D0393C291B134DC800682418 /* KODropdownNotificationTests.m in Sources */ = {isa = PBXBuildFile; fileRef = D0393C281B134DC800682418 /* KODropdownNotificationTests.m */; };
		D0393C351B134DFC00682418 /* KODropdownNotification.m in Sources */ = {isa = PBXBuildFile; fileRef = D0393C341B134DFC00682418 /* KODropdownNotification.m */; };
		D0393C3A1B1354D400682418 /* MyOwnNotification.m in Sources */ = {isa = PBXBuildFile; fileRef = D0393C391B1354D400682418 /* MyOwnNotification.m */; };
		D0393C3C1B1354E700682418 /* MyOwnNotification.xib in Resources */ = {isa = PBXBuildFile; fileRef = D0393C3B1B1354E700682418 /* MyOwnNotification.xib */; };
/* End PBXBuildFile section */

/* Begin PBXContainerItemProxy section */
		D0393C231B134DC800682418 /* PBXContainerItemProxy */ = {
			isa = PBXContainerItemProxy;
			containerPortal = D0393C011B134DC800682418 /* Project object */;
			proxyType = 1;
			remoteGlobalIDString = D0393C081B134DC800682418;
			remoteInfo = KODropdownNotification;
		};
/* End PBXContainerItemProxy section */

/* Begin PBXFileReference section */
		D0393C091B134DC800682418 /* KODropdownNotification.app */ = {isa = PBXFileReference; explicitFileType = wrapper.application; includeInIndex = 0; path = KODropdownNotification.app; sourceTree = BUILT_PRODUCTS_DIR; };
		D0393C0D1B134DC800682418 /* Info.plist */ = {isa = PBXFileReference; lastKnownFileType = text.plist.xml; path = Info.plist; sourceTree = "<group>"; };
		D0393C0E1B134DC800682418 /* main.m */ = {isa = PBXFileReference; lastKnownFileType = sourcecode.c.objc; path = main.m; sourceTree = "<group>"; };
		D0393C101B134DC800682418 /* AppDelegate.h */ = {isa = PBXFileReference; lastKnownFileType = sourcecode.c.h; path = AppDelegate.h; sourceTree = "<group>"; };
		D0393C111B134DC800682418 /* AppDelegate.m */ = {isa = PBXFileReference; lastKnownFileType = sourcecode.c.objc; path = AppDelegate.m; sourceTree = "<group>"; };
		D0393C131B134DC800682418 /* ViewController.h */ = {isa = PBXFileReference; lastKnownFileType = sourcecode.c.h; path = ViewController.h; sourceTree = "<group>"; };
		D0393C141B134DC800682418 /* ViewController.m */ = {isa = PBXFileReference; lastKnownFileType = sourcecode.c.objc; path = ViewController.m; sourceTree = "<group>"; };
		D0393C171B134DC800682418 /* Base */ = {isa = PBXFileReference; lastKnownFileType = file.storyboard; name = Base; path = Base.lproj/Main.storyboard; sourceTree = "<group>"; };
		D0393C191B134DC800682418 /* Images.xcassets */ = {isa = PBXFileReference; lastKnownFileType = folder.assetcatalog; path = Images.xcassets; sourceTree = "<group>"; };
		D0393C1C1B134DC800682418 /* Base */ = {isa = PBXFileReference; lastKnownFileType = file.xib; name = Base; path = Base.lproj/LaunchScreen.xib; sourceTree = "<group>"; };
		D0393C221B134DC800682418 /* KODropdownNotificationTests.xctest */ = {isa = PBXFileReference; explicitFileType = wrapper.cfbundle; includeInIndex = 0; path = KODropdownNotificationTests.xctest; sourceTree = BUILT_PRODUCTS_DIR; };
		D0393C271B134DC800682418 /* Info.plist */ = {isa = PBXFileReference; lastKnownFileType = text.plist.xml; path = Info.plist; sourceTree = "<group>"; };
		D0393C281B134DC800682418 /* KODropdownNotificationTests.m */ = {isa = PBXFileReference; lastKnownFileType = sourcecode.c.objc; path = KODropdownNotificationTests.m; sourceTree = "<group>"; };
		D0393C331B134DFC00682418 /* KODropdownNotification.h */ = {isa = PBXFileReference; fileEncoding = 4; lastKnownFileType = sourcecode.c.h; path = KODropdownNotification.h; sourceTree = "<group>"; };
		D0393C341B134DFC00682418 /* KODropdownNotification.m */ = {isa = PBXFileReference; fileEncoding = 4; lastKnownFileType = sourcecode.c.objc; path = KODropdownNotification.m; sourceTree = "<group>"; };
		D0393C381B1354D400682418 /* MyOwnNotification.h */ = {isa = PBXFileReference; fileEncoding = 4; lastKnownFileType = sourcecode.c.h; path = MyOwnNotification.h; sourceTree = "<group>"; };
		D0393C391B1354D400682418 /* MyOwnNotification.m */ = {isa = PBXFileReference; fileEncoding = 4; lastKnownFileType = sourcecode.c.objc; path = MyOwnNotification.m; sourceTree = "<group>"; };
		D0393C3B1B1354E700682418 /* MyOwnNotification.xib */ = {isa = PBXFileReference; fileEncoding = 4; lastKnownFileType = file.xib; path = MyOwnNotification.xib; sourceTree = "<group>"; };
/* End PBXFileReference section */

/* Begin PBXFrameworksBuildPhase section */
		D0393C061B134DC800682418 /* Frameworks */ = {
			isa = PBXFrameworksBuildPhase;
			buildActionMask = 2147483647;
			files = (
			);
			runOnlyForDeploymentPostprocessing = 0;
		};
		D0393C1F1B134DC800682418 /* Frameworks */ = {
			isa = PBXFrameworksBuildPhase;
			buildActionMask = 2147483647;
			files = (
			);
			runOnlyForDeploymentPostprocessing = 0;
		};
/* End PBXFrameworksBuildPhase section */

/* Begin PBXGroup section */
		D0393C001B134DC800682418 = {
			isa = PBXGroup;
			children = (
				D0393C0B1B134DC800682418 /* KODropdownNotification */,
				D0393C251B134DC800682418 /* KODropdownNotificationTests */,
				D0393C0A1B134DC800682418 /* Products */,
			);
			sourceTree = "<group>";
		};
		D0393C0A1B134DC800682418 /* Products */ = {
			isa = PBXGroup;
			children = (
				D0393C091B134DC800682418 /* KODropdownNotification.app */,
				D0393C221B134DC800682418 /* KODropdownNotificationTests.xctest */,
			);
			name = Products;
			sourceTree = "<group>";
		};
		D0393C0B1B134DC800682418 /* KODropdownNotification */ = {
			isa = PBXGroup;
			children = (
				D0393C321B134DE400682418 /* KODropdownNotification */,
				D0393C381B1354D400682418 /* MyOwnNotification.h */,
				D0393C391B1354D400682418 /* MyOwnNotification.m */,
				D0393C3B1B1354E700682418 /* MyOwnNotification.xib */,
				D0393C101B134DC800682418 /* AppDelegate.h */,
				D0393C111B134DC800682418 /* AppDelegate.m */,
				D0393C131B134DC800682418 /* ViewController.h */,
				D0393C141B134DC800682418 /* ViewController.m */,
				D0393C161B134DC800682418 /* Main.storyboard */,
				D0393C191B134DC800682418 /* Images.xcassets */,
				D0393C1B1B134DC800682418 /* LaunchScreen.xib */,
				D0393C0C1B134DC800682418 /* Supporting Files */,
			);
			path = KODropdownNotification;
			sourceTree = "<group>";
		};
		D0393C0C1B134DC800682418 /* Supporting Files */ = {
			isa = PBXGroup;
			children = (
				D0393C0D1B134DC800682418 /* Info.plist */,
				D0393C0E1B134DC800682418 /* main.m */,
			);
			name = "Supporting Files";
			sourceTree = "<group>";
		};
		D0393C251B134DC800682418 /* KODropdownNotificationTests */ = {
			isa = PBXGroup;
			children = (
				D0393C281B134DC800682418 /* KODropdownNotificationTests.m */,
				D0393C261B134DC800682418 /* Supporting Files */,
			);
			path = KODropdownNotificationTests;
			sourceTree = "<group>";
		};
		D0393C261B134DC800682418 /* Supporting Files */ = {
			isa = PBXGroup;
			children = (
				D0393C271B134DC800682418 /* Info.plist */,
			);
			name = "Supporting Files";
			sourceTree = "<group>";
		};
		D0393C321B134DE400682418 /* KODropdownNotification */ = {
			isa = PBXGroup;
			children = (
				D0393C331B134DFC00682418 /* KODropdownNotification.h */,
				D0393C341B134DFC00682418 /* KODropdownNotification.m */,
			);
			path = KODropdownNotification;
			sourceTree = "<group>";
		};
/* End PBXGroup section */

/* Begin PBXNativeTarget section */
		D0393C081B134DC800682418 /* KODropdownNotification */ = {
			isa = PBXNativeTarget;
			buildConfigurationList = D0393C2C1B134DC800682418 /* Build configuration list for PBXNativeTarget "KODropdownNotification" */;
			buildPhases = (
				D0393C051B134DC800682418 /* Sources */,
				D0393C061B134DC800682418 /* Frameworks */,
				D0393C071B134DC800682418 /* Resources */,
			);
			buildRules = (
			);
			dependencies = (
			);
			name = KODropdownNotification;
			productName = KODropdownNotification;
			productReference = D0393C091B134DC800682418 /* KODropdownNotification.app */;
			productType = "com.apple.product-type.application";
		};
		D0393C211B134DC800682418 /* KODropdownNotificationTests */ = {
			isa = PBXNativeTarget;
			buildConfigurationList = D0393C2F1B134DC800682418 /* Build configuration list for PBXNativeTarget "KODropdownNotificationTests" */;
			buildPhases = (
				D0393C1E1B134DC800682418 /* Sources */,
				D0393C1F1B134DC800682418 /* Frameworks */,
				D0393C201B134DC800682418 /* Resources */,
			);
			buildRules = (
			);
			dependencies = (
				D0393C241B134DC800682418 /* PBXTargetDependency */,
			);
			name = KODropdownNotificationTests;
			productName = KODropdownNotificationTests;
			productReference = D0393C221B134DC800682418 /* KODropdownNotificationTests.xctest */;
			productType = "com.apple.product-type.bundle.unit-test";
		};
/* End PBXNativeTarget section */

/* Begin PBXProject section */
		D0393C011B134DC800682418 /* Project object */ = {
			isa = PBXProject;
			attributes = {
				LastUpgradeCheck = 0630;
				ORGANIZATIONNAME = kohtenko;
				TargetAttributes = {
					D0393C081B134DC800682418 = {
						CreatedOnToolsVersion = 6.3.1;
					};
					D0393C211B134DC800682418 = {
						CreatedOnToolsVersion = 6.3.1;
						TestTargetID = D0393C081B134DC800682418;
					};
				};
			};
			buildConfigurationList = D0393C041B134DC800682418 /* Build configuration list for PBXProject "KODropdownNotification" */;
			compatibilityVersion = "Xcode 3.2";
			developmentRegion = English;
			hasScannedForEncodings = 0;
			knownRegions = (
				en,
				Base,
			);
			mainGroup = D0393C001B134DC800682418;
			productRefGroup = D0393C0A1B134DC800682418 /* Products */;
			projectDirPath = "";
			projectRoot = "";
			targets = (
				D0393C081B134DC800682418 /* KODropdownNotification */,
				D0393C211B134DC800682418 /* KODropdownNotificationTests */,
			);
		};
/* End PBXProject section */

/* Begin PBXResourcesBuildPhase section */
		D0393C071B134DC800682418 /* Resources */ = {
			isa = PBXResourcesBuildPhase;
			buildActionMask = 2147483647;
			files = (
				D0393C181B134DC800682418 /* Main.storyboard in Resources */,
				D0393C3C1B1354E700682418 /* MyOwnNotification.xib in Resources */,
				D0393C1D1B134DC800682418 /* LaunchScreen.xib in Resources */,
				D0393C1A1B134DC800682418 /* Images.xcassets in Resources */,
			);
			runOnlyForDeploymentPostprocessing = 0;
		};
		D0393C201B134DC800682418 /* Resources */ = {
			isa = PBXResourcesBuildPhase;
			buildActionMask = 2147483647;
			files = (
			);
			runOnlyForDeploymentPostprocessing = 0;
		};
/* End PBXResourcesBuildPhase section */

/* Begin PBXSourcesBuildPhase section */
		D0393C051B134DC800682418 /* Sources */ = {
			isa = PBXSourcesBuildPhase;
			buildActionMask = 2147483647;
			files = (
				D0393C151B134DC800682418 /* ViewController.m in Sources */,
				D0393C351B134DFC00682418 /* KODropdownNotification.m in Sources */,
				D0393C3A1B1354D400682418 /* MyOwnNotification.m in Sources */,
				D0393C121B134DC800682418 /* AppDelegate.m in Sources */,
				D0393C0F1B134DC800682418 /* main.m in Sources */,
			);
			runOnlyForDeploymentPostprocessing = 0;
		};
		D0393C1E1B134DC800682418 /* Sources */ = {
			isa = PBXSourcesBuildPhase;
			buildActionMask = 2147483647;
			files = (
				D0393C291B134DC800682418 /* KODropdownNotificationTests.m in Sources */,
			);
			runOnlyForDeploymentPostprocessing = 0;
		};
/* End PBXSourcesBuildPhase section */

/* Begin PBXTargetDependency section */
		D0393C241B134DC800682418 /* PBXTargetDependency */ = {
			isa = PBXTargetDependency;
			target = D0393C081B134DC800682418 /* KODropdownNotification */;
			targetProxy = D0393C231B134DC800682418 /* PBXContainerItemProxy */;
		};
/* End PBXTargetDependency section */

/* Begin PBXVariantGroup section */
		D0393C161B134DC800682418 /* Main.storyboard */ = {
			isa = PBXVariantGroup;
			children = (
				D0393C171B134DC800682418 /* Base */,
			);
			name = Main.storyboard;
			sourceTree = "<group>";
		};
		D0393C1B1B134DC800682418 /* LaunchScreen.xib */ = {
			isa = PBXVariantGroup;
			children = (
				D0393C1C1B134DC800682418 /* Base */,
			);
			name = LaunchScreen.xib;
			sourceTree = "<group>";
		};
/* End PBXVariantGroup section */

/* Begin XCBuildConfiguration section */
		D0393C2A1B134DC800682418 /* Debug */ = {
			isa = XCBuildConfiguration;
			buildSettings = {
				ALWAYS_SEARCH_USER_PATHS = NO;
				CLANG_CXX_LANGUAGE_STANDARD = "gnu++0x";
				CLANG_CXX_LIBRARY = "libc++";
				CLANG_ENABLE_MODULES = YES;
				CLANG_ENABLE_OBJC_ARC = YES;
				CLANG_WARN_BOOL_CONVERSION = YES;
				CLANG_WARN_CONSTANT_CONVERSION = YES;
				CLANG_WARN_DIRECT_OBJC_ISA_USAGE = YES_ERROR;
				CLANG_WARN_EMPTY_BODY = YES;
				CLANG_WARN_ENUM_CONVERSION = YES;
				CLANG_WARN_INT_CONVERSION = YES;
				CLANG_WARN_OBJC_ROOT_CLASS = YES_ERROR;
				CLANG_WARN_UNREACHABLE_CODE = YES;
				CLANG_WARN__DUPLICATE_METHOD_MATCH = YES;
				"CODE_SIGN_IDENTITY[sdk=iphoneos*]" = "iPhone Developer";
				COPY_PHASE_STRIP = NO;
				DEBUG_INFORMATION_FORMAT = "dwarf-with-dsym";
				ENABLE_STRICT_OBJC_MSGSEND = YES;
				GCC_C_LANGUAGE_STANDARD = gnu99;
				GCC_DYNAMIC_NO_PIC = NO;
				GCC_NO_COMMON_BLOCKS = YES;
				GCC_OPTIMIZATION_LEVEL = 0;
				GCC_PREPROCESSOR_DEFINITIONS = (
					"DEBUG=1",
					"$(inherited)",
				);
				GCC_SYMBOLS_PRIVATE_EXTERN = NO;
				GCC_WARN_64_TO_32_BIT_CONVERSION = YES;
				GCC_WARN_ABOUT_RETURN_TYPE = YES_ERROR;
				GCC_WARN_UNDECLARED_SELECTOR = YES;
				GCC_WARN_UNINITIALIZED_AUTOS = YES_AGGRESSIVE;
				GCC_WARN_UNUSED_FUNCTION = YES;
				GCC_WARN_UNUSED_VARIABLE = YES;
				IPHONEOS_DEPLOYMENT_TARGET = 8.3;
				MTL_ENABLE_DEBUG_INFO = YES;
				ONLY_ACTIVE_ARCH = YES;
				SDKROOT = iphoneos;
			};
			name = Debug;
		};
		D0393C2B1B134DC800682418 /* Release */ = {
			isa = XCBuildConfiguration;
			buildSettings = {
				ALWAYS_SEARCH_USER_PATHS = NO;
				CLANG_CXX_LANGUAGE_STANDARD = "gnu++0x";
				CLANG_CXX_LIBRARY = "libc++";
				CLANG_ENABLE_MODULES = YES;
				CLANG_ENABLE_OBJC_ARC = YES;
				CLANG_WARN_BOOL_CONVERSION = YES;
				CLANG_WARN_CONSTANT_CONVERSION = YES;
				CLANG_WARN_DIRECT_OBJC_ISA_USAGE = YES_ERROR;
				CLANG_WARN_EMPTY_BODY = YES;
				CLANG_WARN_ENUM_CONVERSION = YES;
				CLANG_WARN_INT_CONVERSION = YES;
				CLANG_WARN_OBJC_ROOT_CLASS = YES_ERROR;
				CLANG_WARN_UNREACHABLE_CODE = YES;
				CLANG_WARN__DUPLICATE_METHOD_MATCH = YES;
				"CODE_SIGN_IDENTITY[sdk=iphoneos*]" = "iPhone Developer";
				COPY_PHASE_STRIP = NO;
				DEBUG_INFORMATION_FORMAT = "dwarf-with-dsym";
				ENABLE_NS_ASSERTIONS = NO;
				ENABLE_STRICT_OBJC_MSGSEND = YES;
				GCC_C_LANGUAGE_STANDARD = gnu99;
				GCC_NO_COMMON_BLOCKS = YES;
				GCC_WARN_64_TO_32_BIT_CONVERSION = YES;
				GCC_WARN_ABOUT_RETURN_TYPE = YES_ERROR;
				GCC_WARN_UNDECLARED_SELECTOR = YES;
				GCC_WARN_UNINITIALIZED_AUTOS = YES_AGGRESSIVE;
				GCC_WARN_UNUSED_FUNCTION = YES;
				GCC_WARN_UNUSED_VARIABLE = YES;
				IPHONEOS_DEPLOYMENT_TARGET = 8.3;
				MTL_ENABLE_DEBUG_INFO = NO;
				SDKROOT = iphoneos;
				VALIDATE_PRODUCT = YES;
			};
			name = Release;
		};
		D0393C2D1B134DC800682418 /* Debug */ = {
			isa = XCBuildConfiguration;
			buildSettings = {
				ASSETCATALOG_COMPILER_APPICON_NAME = AppIcon;
				INFOPLIST_FILE = KODropdownNotification/Info.plist;
				LD_RUNPATH_SEARCH_PATHS = "$(inherited) @executable_path/Frameworks";
				PRODUCT_NAME = "$(TARGET_NAME)";
			};
			name = Debug;
		};
		D0393C2E1B134DC800682418 /* Release */ = {
			isa = XCBuildConfiguration;
			buildSettings = {
				ASSETCATALOG_COMPILER_APPICON_NAME = AppIcon;
				INFOPLIST_FILE = KODropdownNotification/Info.plist;
				LD_RUNPATH_SEARCH_PATHS = "$(inherited) @executable_path/Frameworks";
				PRODUCT_NAME = "$(TARGET_NAME)";
			};
			name = Release;
		};
		D0393C301B134DC800682418 /* Debug */ = {
			isa = XCBuildConfiguration;
			buildSettings = {
				BUNDLE_LOADER = "$(TEST_HOST)";
				FRAMEWORK_SEARCH_PATHS = (
					"$(SDKROOT)/Developer/Library/Frameworks",
					"$(inherited)",
				);
				GCC_PREPROCESSOR_DEFINITIONS = (
					"DEBUG=1",
					"$(inherited)",
				);
				INFOPLIST_FILE = KODropdownNotificationTests/Info.plist;
				LD_RUNPATH_SEARCH_PATHS = "$(inherited) @executable_path/Frameworks @loader_path/Frameworks";
				PRODUCT_NAME = "$(TARGET_NAME)";
				TEST_HOST = "$(BUILT_PRODUCTS_DIR)/KODropdownNotification.app/KODropdownNotification";
			};
			name = Debug;
		};
		D0393C311B134DC800682418 /* Release */ = {
			isa = XCBuildConfiguration;
			buildSettings = {
				BUNDLE_LOADER = "$(TEST_HOST)";
				FRAMEWORK_SEARCH_PATHS = (
					"$(SDKROOT)/Developer/Library/Frameworks",
					"$(inherited)",
				);
				INFOPLIST_FILE = KODropdownNotificationTests/Info.plist;
				LD_RUNPATH_SEARCH_PATHS = "$(inherited) @executable_path/Frameworks @loader_path/Frameworks";
				PRODUCT_NAME = "$(TARGET_NAME)";
				TEST_HOST = "$(BUILT_PRODUCTS_DIR)/KODropdownNotification.app/KODropdownNotification";
			};
			name = Release;
		};
/* End XCBuildConfiguration section */

/* Begin XCConfigurationList section */
		D0393C041B134DC800682418 /* Build configuration list for PBXProject "KODropdownNotification" */ = {
			isa = XCConfigurationList;
			buildConfigurations = (
				D0393C2A1B134DC800682418 /* Debug */,
				D0393C2B1B134DC800682418 /* Release */,
			);
			defaultConfigurationIsVisible = 0;
			defaultConfigurationName = Release;
		};
		D0393C2C1B134DC800682418 /* Build configuration list for PBXNativeTarget "KODropdownNotification" */ = {
			isa = XCConfigurationList;
			buildConfigurations = (
				D0393C2D1B134DC800682418 /* Debug */,
				D0393C2E1B134DC800682418 /* Release */,
			);
			defaultConfigurationIsVisible = 0;
		};
		D0393C2F1B134DC800682418 /* Build configuration list for PBXNativeTarget "KODropdownNotificationTests" */ = {
			isa = XCConfigurationList;
			buildConfigurations = (
				D0393C301B134DC800682418 /* Debug */,
				D0393C311B134DC800682418 /* Release */,
			);
			defaultConfigurationIsVisible = 0;
		};
/* End XCConfigurationList section */
	};
	rootObject = D0393C011B134DC800682418 /* Project object */;
}
